
Microsoft Visual Studio Solution File, Format Version 12.00
# Visual Studio 15
VisualStudioVersion = 15.0.34320.172
MinimumVisualStudioVersion = 10.0.40219.1
Project("{FAE04EC0-301F-11D3-BF4B-00C04F79EFBC}") = "Lab21", "Lab21\Lab21.csproj", "{E97755D3-7A7A-41E6-B942-A6CF22CAF92A}"
EndProject
Global
	GlobalSection(SolutionConfigurationPlatforms) = preSolution
		Debug|Any CPU = Debug|Any CPU
		Release|Any CPU = Release|Any CPU
	EndGlobalSection
	GlobalSection(ProjectConfigurationPlatforms) = postSolution
		{E97755D3-7A7A-41E6-B942-A6CF22CAF92A}.Debug|Any CPU.ActiveCfg = Debug|Any CPU
		{E97755D3-7A7A-41E6-B942-A6CF22CAF92A}.Debug|Any CPU.Build.0 = Debug|Any CPU
		{E97755D3-7A7A-41E6-B942-A6CF22CAF92A}.Release|Any CPU.ActiveCfg = Release|Any CPU
		{E97755D3-7A7A-41E6-B942-A6CF22CAF92A}.Release|Any CPU.Build.0 = Release|Any CPU
	EndGlobalSection
	GlobalSection(SolutionProperties) = preSolution
		HideSolutionNode = FALSE
	EndGlobalSection
	GlobalSection(ExtensibilityGlobals) = postSolution
		SolutionGuid = {849FF021-A8A0-48DF-A476-AC1667A1FA44}
	EndGlobalSection
EndGlobal
